
Microsoft Visual Studio Solution File, Format Version 12.00
# Visual Studio 15
VisualStudioVersion = 15.0.27004.2002
MinimumVisualStudioVersion = 10.0.40219.1
Project("{8BC9CEB8-8B4A-11D0-8D11-00A0C91BC942}") = "Proje2.asama", "Proje2.asama\Proje2.asama.vcxproj", "{FAA15FD0-4DDF-4CEE-A0FC-2E5C60527457}"
EndProject
Global
	GlobalSection(SolutionConfigurationPlatforms) = preSolution
		Debug|x64 = Debug|x64
		Debug|x86 = Debug|x86
		Release|x64 = Release|x64
		Release|x86 = Release|x86
	EndGlobalSection
	GlobalSection(ProjectConfigurationPlatforms) = postSolution
		{FAA15FD0-4DDF-4CEE-A0FC-2E5C60527457}.Debug|x64.ActiveCfg = Debug|x64
		{FAA15FD0-4DDF-4CEE-A0FC-2E5C60527457}.Debug|x64.Build.0 = Debug|x64
		{FAA15FD0-4DDF-4CEE-A0FC-2E5C60527457}.Debug|x86.ActiveCfg = Debug|Win32
		{FAA15FD0-4DDF-4CEE-A0FC-2E5C60527457}.Debug|x86.Build.0 = Debug|Win32
		{FAA15FD0-4DDF-4CEE-A0FC-2E5C60527457}.Release|x64.ActiveCfg = Release|x64
		{FAA15FD0-4DDF-4CEE-A0FC-2E5C60527457}.Release|x64.Build.0 = Release|x64
		{FAA15FD0-4DDF-4CEE-A0FC-2E5C60527457}.Release|x86.ActiveCfg = Release|Win32
		{FAA15FD0-4DDF-4CEE-A0FC-2E5C60527457}.Release|x86.Build.0 = Release|Win32
	EndGlobalSection
	GlobalSection(SolutionProperties) = preSolution
		HideSolutionNode = FALSE
	EndGlobalSection
	GlobalSection(ExtensibilityGlobals) = postSolution
		SolutionGuid = {934C64B6-D7B5-49DA-BACA-FCDF803181EE}
	EndGlobalSection
EndGlobal
